
Microsoft Visual Studio Solution File, Format Version 12.00
# Visual Studio 2013
VisualStudioVersion = 12.0.31101.0
MinimumVisualStudioVersion = 10.0.40219.1
Project("{FAE04EC0-301F-11D3-BF4B-00C04F79EFBC}") = "PUT_VisionLab", "PUT_VisionLab\PUT_VisionLab.csproj", "{0EBE2D82-919F-4CBD-B545-23B84D3C3437}"
EndProject
Project("{FAE04EC0-301F-11D3-BF4B-00C04F79EFBC}") = "CameraBase", "CameraBase\CameraBase.csproj", "{402187FF-4B69-44EA-BEC9-492EBD7FF244}"
EndProject
Project("{FAE04EC0-301F-11D3-BF4B-00C04F79EFBC}") = "ICamera", "ICamera\ICamera.csproj", "{FD66191D-1920-4415-9DF2-5167AE462277}"
EndProject
Project("{FAE04EC0-301F-11D3-BF4B-00C04F79EFBC}") = "CameraBasler", "CameraBasler\CameraBasler.csproj", "{89A3B507-78DB-47FC-9730-F487E5AABB64}"
EndProject
Project("{2150E333-8FDC-42A3-9474-1A3956D46DE8}") = "Solution Items", "Solution Items", "{8961F94B-8A85-49C4-BBBF-A9E1B463AA83}"
	ProjectSection(SolutionItems) = preProject
		_Libraries\Basler_Pylon\PylonC.NET.dll = _Libraries\Basler_Pylon\PylonC.NET.dll
	EndProjectSection
EndProject
Global
	GlobalSection(SolutionConfigurationPlatforms) = preSolution
		Debug|Any CPU = Debug|Any CPU
		Release|Any CPU = Release|Any CPU
	EndGlobalSection
	GlobalSection(ProjectConfigurationPlatforms) = postSolution
		{0EBE2D82-919F-4CBD-B545-23B84D3C3437}.Debug|Any CPU.ActiveCfg = Debug|Any CPU
		{0EBE2D82-919F-4CBD-B545-23B84D3C3437}.Debug|Any CPU.Build.0 = Debug|Any CPU
		{0EBE2D82-919F-4CBD-B545-23B84D3C3437}.Release|Any CPU.ActiveCfg = Release|Any CPU
		{0EBE2D82-919F-4CBD-B545-23B84D3C3437}.Release|Any CPU.Build.0 = Release|Any CPU
		{402187FF-4B69-44EA-BEC9-492EBD7FF244}.Debug|Any CPU.ActiveCfg = Debug|Any CPU
		{402187FF-4B69-44EA-BEC9-492EBD7FF244}.Debug|Any CPU.Build.0 = Debug|Any CPU
		{402187FF-4B69-44EA-BEC9-492EBD7FF244}.Release|Any CPU.ActiveCfg = Release|Any CPU
		{402187FF-4B69-44EA-BEC9-492EBD7FF244}.Release|Any CPU.Build.0 = Release|Any CPU
		{FD66191D-1920-4415-9DF2-5167AE462277}.Debug|Any CPU.ActiveCfg = Debug|Any CPU
		{FD66191D-1920-4415-9DF2-5167AE462277}.Debug|Any CPU.Build.0 = Debug|Any CPU
		{FD66191D-1920-4415-9DF2-5167AE462277}.Release|Any CPU.ActiveCfg = Release|Any CPU
		{FD66191D-1920-4415-9DF2-5167AE462277}.Release|Any CPU.Build.0 = Release|Any CPU
		{89A3B507-78DB-47FC-9730-F487E5AABB64}.Debug|Any CPU.ActiveCfg = Debug|Any CPU
		{89A3B507-78DB-47FC-9730-F487E5AABB64}.Debug|Any CPU.Build.0 = Debug|Any CPU
		{89A3B507-78DB-47FC-9730-F487E5AABB64}.Release|Any CPU.ActiveCfg = Release|Any CPU
		{89A3B507-78DB-47FC-9730-F487E5AABB64}.Release|Any CPU.Build.0 = Release|Any CPU
	EndGlobalSection
	GlobalSection(SolutionProperties) = preSolution
		HideSolutionNode = FALSE
	EndGlobalSection
EndGlobal
